{
  "name": "hpropagate-demo",
  "version": "1.0.0",
  "lockfileVersion": 1,
  "requires": true,
  "dependencies": {
    "hpropagate": {
      "version": "1.0.1",
      "resolved": "https://registry.npmjs.org/hpropagate/-/hpropagate-1.0.1.tgz",
      "integrity": "sha512-Xly46CxtBodZzlZVGyNTRwq9YhW8RZvsTTcCa8EjxlVEfGdcy9z2Oh6bVQgfXiJg6LY6+iS88RW3FDTJbMYPOA==",
      "requires": {
        "uuid": "^8.3.2"
      }
    },
    "uuid": {
      "version": "8.3.2",
      "resolved": "https://registry.npmjs.org/uuid/-/uuid-8.3.2.tgz",
      "integrity": "sha512-+NYs2QeMWy+GWFOEm9xnn6HCDp0l7QBD7ml8zLUmJ+93Q5NF0NocErnwkTkXVFNiX3/fpC6afS8Dhb/gz7R7eg=="
    }
  }
}
